
Microsoft Visual Studio Solution File, Format Version 12.00
# Visual Studio Version 17
VisualStudioVersion = 17.0.31903.59
MinimumVisualStudioVersion = 10.0.40219.1
Project("{8BC9CEB8-8B4A-11D0-8D11-00A0C91BC942}") = "OpenCV5Starter", "OpenCV5Starter\OpenCV5Starter.vcxproj", "{6B1E5C2A-3F40-4C7B-9A11-5E0D7C3A0001}"
EndProject
Project("{8BC9CEB8-8B4A-11D0-8D11-00A0C91BC942}") = "Ch15_Camera", "Ch15_Camera\Ch15_Camera.vcxproj", "{CC0AF953-FCAA-48DD-83C0-1FF6723B03ED}"
EndProject
Global
	GlobalSection(SolutionConfigurationPlatforms) = preSolution
		Debug|x64 = Debug|x64
		Release|x64 = Release|x64
	EndGlobalSection
	GlobalSection(ProjectConfigurationPlatforms) = postSolution
		{6B1E5C2A-3F40-4C7B-9A11-5E0D7C3A0001}.Debug|x64.ActiveCfg = Debug|x64
		{6B1E5C2A-3F40-4C7B-9A11-5E0D7C3A0001}.Debug|x64.Build.0 = Debug|x64
		{6B1E5C2A-3F40-4C7B-9A11-5E0D7C3A0001}.Release|x64.ActiveCfg = Release|x64
		{6B1E5C2A-3F40-4C7B-9A11-5E0D7C3A0001}.Release|x64.Build.0 = Release|x64
		{CC0AF953-FCAA-48DD-83C0-1FF6723B03ED}.Debug|x64.ActiveCfg = Debug|x64
		{CC0AF953-FCAA-48DD-83C0-1FF6723B03ED}.Debug|x64.Build.0 = Debug|x64
		{CC0AF953-FCAA-48DD-83C0-1FF6723B03ED}.Release|x64.ActiveCfg = Release|x64
		{CC0AF953-FCAA-48DD-83C0-1FF6723B03ED}.Release|x64.Build.0 = Release|x64
	EndGlobalSection
	GlobalSection(SolutionProperties) = preSolution
		HideSolutionNode = FALSE
	EndGlobalSection
EndGlobal
